
Microsoft Visual Studio Solution File, Format Version 12.00
# Visual Studio Version 17
VisualStudioVersion = 17.12.35527.113 d17.12
MinimumVisualStudioVersion = 10.0.40219.1
Project("{FAE04EC0-301F-11D3-BF4B-00C04F79EFBC}") = "API", "API\API.csproj", "{4D00FBB3-F0F4-427A-B193-FD6EDCF90212}"
EndProject
Project("{FAE04EC0-301F-11D3-BF4B-00C04F79EFBC}") = "Frontend", "Frontend\Frontend.csproj", "{D77C1DC5-8996-47B9-9A56-EB4F86378F1C}"
EndProject
Global
	GlobalSection(SolutionConfigurationPlatforms) = preSolution
		Debug|Any CPU = Debug|Any CPU
		Release|Any CPU = Release|Any CPU
	EndGlobalSection
	GlobalSection(ProjectConfigurationPlatforms) = postSolution
		{4D00FBB3-F0F4-427A-B193-FD6EDCF90212}.Debug|Any CPU.ActiveCfg = Debug|Any CPU
		{4D00FBB3-F0F4-427A-B193-FD6EDCF90212}.Debug|Any CPU.Build.0 = Debug|Any CPU
		{4D00FBB3-F0F4-427A-B193-FD6EDCF90212}.Release|Any CPU.ActiveCfg = Release|Any CPU
		{4D00FBB3-F0F4-427A-B193-FD6EDCF90212}.Release|Any CPU.Build.0 = Release|Any CPU
		{D77C1DC5-8996-47B9-9A56-EB4F86378F1C}.Debug|Any CPU.ActiveCfg = Debug|Any CPU
		{D77C1DC5-8996-47B9-9A56-EB4F86378F1C}.Debug|Any CPU.Build.0 = Debug|Any CPU
		{D77C1DC5-8996-47B9-9A56-EB4F86378F1C}.Release|Any CPU.ActiveCfg = Release|Any CPU
		{D77C1DC5-8996-47B9-9A56-EB4F86378F1C}.Release|Any CPU.Build.0 = Release|Any CPU
	EndGlobalSection
	GlobalSection(SolutionProperties) = preSolution
		HideSolutionNode = FALSE
	EndGlobalSection
EndGlobal
